
Microsoft Visual Studio Solution File, Format Version 11.00
# Visual Studio 2010
Project("{8BC9CEB8-8B4A-11D0-8D11-00A0C91BC942}") = "loader", "loader\loader.vcxproj", "{672454CD-8E6F-4E9B-9330-26CAA84235CD}"
EndProject
Project("{8BC9CEB8-8B4A-11D0-8D11-00A0C91BC942}") = "WordAnalyzer", "WordAnalyzer\WordAnalyzer.vcxproj", "{E4AF7D7A-5223-4D3C-B73C-572EF126798A}"
EndProject
Project("{8BC9CEB8-8B4A-11D0-8D11-00A0C91BC942}") = "BrailleDrawer", "BrailleDrawer\BrailleDrawer.vcxproj", "{D061E199-F088-4AE9-9962-AAA882318E9F}"
EndProject
Global
	GlobalSection(SolutionConfigurationPlatforms) = preSolution
		Debug|Win32 = Debug|Win32
		Release|Win32 = Release|Win32
	EndGlobalSection
	GlobalSection(ProjectConfigurationPlatforms) = postSolution
		{672454CD-8E6F-4E9B-9330-26CAA84235CD}.Debug|Win32.ActiveCfg = Debug|Win32
		{672454CD-8E6F-4E9B-9330-26CAA84235CD}.Debug|Win32.Build.0 = Debug|Win32
		{672454CD-8E6F-4E9B-9330-26CAA84235CD}.Release|Win32.ActiveCfg = Release|Win32
		{672454CD-8E6F-4E9B-9330-26CAA84235CD}.Release|Win32.Build.0 = Release|Win32
		{E4AF7D7A-5223-4D3C-B73C-572EF126798A}.Debug|Win32.ActiveCfg = Debug|Win32
		{E4AF7D7A-5223-4D3C-B73C-572EF126798A}.Debug|Win32.Build.0 = Debug|Win32
		{E4AF7D7A-5223-4D3C-B73C-572EF126798A}.Release|Win32.ActiveCfg = Release|Win32
		{E4AF7D7A-5223-4D3C-B73C-572EF126798A}.Release|Win32.Build.0 = Release|Win32
		{D061E199-F088-4AE9-9962-AAA882318E9F}.Debug|Win32.ActiveCfg = Debug|Win32
		{D061E199-F088-4AE9-9962-AAA882318E9F}.Debug|Win32.Build.0 = Debug|Win32
		{D061E199-F088-4AE9-9962-AAA882318E9F}.Release|Win32.ActiveCfg = Release|Win32
		{D061E199-F088-4AE9-9962-AAA882318E9F}.Release|Win32.Build.0 = Release|Win32
	EndGlobalSection
	GlobalSection(SolutionProperties) = preSolution
		HideSolutionNode = FALSE
	EndGlobalSection
EndGlobal
